
Microsoft Visual Studio Solution File, Format Version 12.00
# Visual Studio Version 16
VisualStudioVersion = 16.0.31005.135
MinimumVisualStudioVersion = 10.0.40219.1
Project("{9A19103F-16F7-4668-BE54-9A1E7A4F7556}") = "NeuralNetworkProject", "NeuralNetwork\NeuralNetworkProject.csproj", "{5E7C1DC0-D58E-4983-BE15-9347749AFCA4}"
EndProject
Global
	GlobalSection(SolutionConfigurationPlatforms) = preSolution
		Debug|Any CPU = Debug|Any CPU
		Release|Any CPU = Release|Any CPU
	EndGlobalSection
	GlobalSection(ProjectConfigurationPlatforms) = postSolution
		{5E7C1DC0-D58E-4983-BE15-9347749AFCA4}.Debug|Any CPU.ActiveCfg = Debug|Any CPU
		{5E7C1DC0-D58E-4983-BE15-9347749AFCA4}.Debug|Any CPU.Build.0 = Debug|Any CPU
		{5E7C1DC0-D58E-4983-BE15-9347749AFCA4}.Release|Any CPU.ActiveCfg = Release|Any CPU
		{5E7C1DC0-D58E-4983-BE15-9347749AFCA4}.Release|Any CPU.Build.0 = Release|Any CPU
	EndGlobalSection
	GlobalSection(SolutionProperties) = preSolution
		HideSolutionNode = FALSE
	EndGlobalSection
	GlobalSection(ExtensibilityGlobals) = postSolution
		SolutionGuid = {B954B224-953E-4A39-8D8C-6EF215EA5BB9}
	EndGlobalSection
EndGlobal
